
Microsoft Visual Studio Solution File, Format Version 12.00
# Visual Studio Version 17
VisualStudioVersion = 17.14.36518.9 d17.14
MinimumVisualStudioVersion = 10.0.40219.1
Project("{FAE04EC0-301F-11D3-BF4B-00C04F79EFBC}") = "FounderReadinessAssessment", "FounderReadinessAssessment\FounderReadinessAssessment.csproj", "{3FF9B410-F6E5-449B-88E2-11EC38383E9A}"
EndProject
Global
	GlobalSection(SolutionConfigurationPlatforms) = preSolution
		Debug|Any CPU = Debug|Any CPU
		Release|Any CPU = Release|Any CPU
	EndGlobalSection
	GlobalSection(ProjectConfigurationPlatforms) = postSolution
		{3FF9B410-F6E5-449B-88E2-11EC38383E9A}.Debug|Any CPU.ActiveCfg = Debug|Any CPU
		{3FF9B410-F6E5-449B-88E2-11EC38383E9A}.Debug|Any CPU.Build.0 = Debug|Any CPU
		{3FF9B410-F6E5-449B-88E2-11EC38383E9A}.Release|Any CPU.ActiveCfg = Release|Any CPU
		{3FF9B410-F6E5-449B-88E2-11EC38383E9A}.Release|Any CPU.Build.0 = Release|Any CPU
	EndGlobalSection
	GlobalSection(SolutionProperties) = preSolution
		HideSolutionNode = FALSE
	EndGlobalSection
	GlobalSection(ExtensibilityGlobals) = postSolution
		SolutionGuid = {89E73BB5-5B3E-455A-B749-30B60338D52B}
	EndGlobalSection
EndGlobal
